hash: 0f389cae0e1acde99809f112240634c4d1b6eb920695840eed0fb2dddb620cca
updated: 2018-08-07T08:21:24.518846+07:00
imports:
- name: github.com/BaritoLog/go-boilerplate
  version: 20c4c30023960bc27eb5e4662207a0bcaae04f11
  subpackages:
  - timekit
- name: github.com/bsm/sarama-cluster
  version: cf455bc755fe41ac9bb2861e7a961833d9c2ecc3
- name: github.com/davecgh/go-spew
  version: 8991bc29aa16c548c550c7ff78260e27b9ab7c73
  subpackages:
  - spew
- name: github.com/eapache/go-resiliency
  version: ea41b0fad31007accc7f806884dcdf3da98b79ce
  subpackages:
  - breaker
- name: github.com/eapache/go-xerial-snappy
  version: 040cc1a32f578808623071247fdbd5cc43f37f5f
- name: github.com/eapache/queue
  version: 093482f3f8ce946c05bcba64badd2c82369e084d
- name: github.com/golang/mock
  version: 5f7a43820b4647d500f43b4ffcf344eaf01bcad5
  subpackages:
  - gomock
- name: github.com/golang/snappy
  version: d9eb7a3d35ec988b8585d4a0068e462c27d28380
- name: github.com/influxdata/influxdb
  version: 3bcb8ad9b24f8036a6ab20cd985df8e2e341111a
  subpackages:
  - client/v2
  - models
  - pkg/escape
- name: github.com/joho/godotenv
  version: 1709ab122c988931ad53508747b3c061400c2984
- name: github.com/pierrec/lz4
  version: 6b9367c9ff401dbc54fabce3fb8d972e799b702d
  subpackages:
  - internal/xxh32
- name: github.com/rcrowley/go-metrics
  version: e2704e165165ec55d062f5919b4b29494e9fa790
- name: github.com/Shopify/sarama
  version: 35324cf48e33d8260e1c7c18854465a904ade249
- name: github.com/sirupsen/logrus
  version: 3e01752db0189b9157070a0e1668a620f9a85da2
- name: github.com/urfave/cli
  version: 8e01ec4cd3e2d84ab2fe90d8210528ffbb06d8ff
- name: golang.org/x/crypto
  version: 80fca2ff14a3fb7db622c9a5462f8ce9ea026cba
  subpackages:
  - ssh/terminal
- name: golang.org/x/net
  version: 92b859f39abd2d91a854c9f9c4621b2f5054a92d
  subpackages:
  - context
- name: golang.org/x/sys
  version: d8e400bc7db4870d786864138af681469693d18c
  subpackages:
  - unix
  - windows
testImports:
- name: github.com/bouk/monkey
  version: 5df1f207ff77e025801505ae4d903133a0b4353f
- name: github.com/pmezard/go-difflib
  version: 792786c7400a136282c1664665ae0a8db921c6c2
  subpackages:
  - difflib
- name: github.com/stretchr/testify
  version: f35b8ab0b5a2cef36673838d662e249dd9c94686
  subpackages:
  - assert
